
Microsoft Visual Studio Solution File, Format Version 12.00
# Visual Studio 15
VisualStudioVersion = 15.0.28307.902
MinimumVisualStudioVersion = 10.0.40219.1
Project("{8BC9CEB8-8B4A-11D0-8D11-00A0C91BC942}") = "QQ", "QQ\QQ.vcxproj", "{D45B709D-D8E8-4551-B8CC-25B69EC27BAA}"
EndProject
Global
	GlobalSection(SolutionConfigurationPlatforms) = preSolution
		Debug|x64 = Debug|x64
		Debug|x86 = Debug|x86
		Release|x64 = Release|x64
		Release|x86 = Release|x86
	EndGlobalSection
	GlobalSection(ProjectConfigurationPlatforms) = postSolution
		{D45B709D-D8E8-4551-B8CC-25B69EC27BAA}.Debug|x64.ActiveCfg = Debug|x64
		{D45B709D-D8E8-4551-B8CC-25B69EC27BAA}.Debug|x64.Build.0 = Debug|x64
		{D45B709D-D8E8-4551-B8CC-25B69EC27BAA}.Debug|x86.ActiveCfg = Debug|Win32
		{D45B709D-D8E8-4551-B8CC-25B69EC27BAA}.Debug|x86.Build.0 = Debug|Win32
		{D45B709D-D8E8-4551-B8CC-25B69EC27BAA}.Release|x64.ActiveCfg = Release|x64
		{D45B709D-D8E8-4551-B8CC-25B69EC27BAA}.Release|x64.Build.0 = Release|x64
		{D45B709D-D8E8-4551-B8CC-25B69EC27BAA}.Release|x86.ActiveCfg = Release|Win32
		{D45B709D-D8E8-4551-B8CC-25B69EC27BAA}.Release|x86.Build.0 = Release|Win32
	EndGlobalSection
	GlobalSection(SolutionProperties) = preSolution
		HideSolutionNode = FALSE
	EndGlobalSection
	GlobalSection(ExtensibilityGlobals) = postSolution
		SolutionGuid = {E80C2245-2DBF-4E0A-B4BC-33CD9CC5EB6B}
	EndGlobalSection
EndGlobal
